# THIS IS AN AUTOGENERATED FILE. DO NOT EDIT THIS FILE DIRECTLY.
# yarn lockfile v1


caniuse-lite@^1.0.30001038:
  version "1.0.30001038"
  resolved "https://registry.npm.taobao.org/caniuse-lite/download/caniuse-lite-1.0.30001038.tgz#44da3cbca2ab6cb6aa83d1be5d324e17f141caff"
  integrity sha1-RNo8vKKrbLaqg9G+XTJOF/FByv8=
